
Microsoft Visual Studio Solution File, Format Version 12.00
# Visual Studio 15
VisualStudioVersion = 15.0.26124.0
MinimumVisualStudioVersion = 15.0.26124.0
Project("{FAE04EC0-301F-11D3-BF4B-00C04F79EFBC}") = "API", "API\API.csproj", "{6A9A4C9B-3A7E-411F-B576-7BDD141A34A7}"
EndProject
Project("{FAE04EC0-301F-11D3-BF4B-00C04F79EFBC}") = "Application", "Application\Application.csproj", "{558FDAA9-0D19-4376-8D75-D50B3B17159D}"
EndProject
Project("{FAE04EC0-301F-11D3-BF4B-00C04F79EFBC}") = "Persistence", "Persistence\Persistence.csproj", "{59544E99-7C50-49F0-95A1-389B8D20017D}"
EndProject
Project("{FAE04EC0-301F-11D3-BF4B-00C04F79EFBC}") = "Domain", "Domain\Domain.csproj", "{B8ECDFE9-53B9-4F0F-8603-DB9D845FEA3C}"
EndProject
Global
	GlobalSection(SolutionConfigurationPlatforms) = preSolution
		Debug|Any CPU = Debug|Any CPU
		Debug|x64 = Debug|x64
		Debug|x86 = Debug|x86
		Release|Any CPU = Release|Any CPU
		Release|x64 = Release|x64
		Release|x86 = Release|x86
	EndGlobalSection
	GlobalSection(SolutionProperties) = preSolution
		HideSolutionNode = FALSE
	EndGlobalSection
	GlobalSection(ProjectConfigurationPlatforms) = postSolution
		{6A9A4C9B-3A7E-411F-B576-7BDD141A34A7}.Debug|Any CPU.ActiveCfg = Debug|Any CPU
		{6A9A4C9B-3A7E-411F-B576-7BDD141A34A7}.Debug|Any CPU.Build.0 = Debug|Any CPU
		{6A9A4C9B-3A7E-411F-B576-7BDD141A34A7}.Debug|x64.ActiveCfg = Debug|Any CPU
		{6A9A4C9B-3A7E-411F-B576-7BDD141A34A7}.Debug|x64.Build.0 = Debug|Any CPU
		{6A9A4C9B-3A7E-411F-B576-7BDD141A34A7}.Debug|x86.ActiveCfg = Debug|Any CPU
		{6A9A4C9B-3A7E-411F-B576-7BDD141A34A7}.Debug|x86.Build.0 = Debug|Any CPU
		{6A9A4C9B-3A7E-411F-B576-7BDD141A34A7}.Release|Any CPU.ActiveCfg = Release|Any CPU
		{6A9A4C9B-3A7E-411F-B576-7BDD141A34A7}.Release|Any CPU.Build.0 = Release|Any CPU
		{6A9A4C9B-3A7E-411F-B576-7BDD141A34A7}.Release|x64.ActiveCfg = Release|Any CPU
		{6A9A4C9B-3A7E-411F-B576-7BDD141A34A7}.Release|x64.Build.0 = Release|Any CPU
		{6A9A4C9B-3A7E-411F-B576-7BDD141A34A7}.Release|x86.ActiveCfg = Release|Any CPU
		{6A9A4C9B-3A7E-411F-B576-7BDD141A34A7}.Release|x86.Build.0 = Release|Any CPU
		{558FDAA9-0D19-4376-8D75-D50B3B17159D}.Debug|Any CPU.ActiveCfg = Debug|Any CPU
		{558FDAA9-0D19-4376-8D75-D50B3B17159D}.Debug|Any CPU.Build.0 = Debug|Any CPU
		{558FDAA9-0D19-4376-8D75-D50B3B17159D}.Debug|x64.ActiveCfg = Debug|Any CPU
		{558FDAA9-0D19-4376-8D75-D50B3B17159D}.Debug|x64.Build.0 = Debug|Any CPU
		{558FDAA9-0D19-4376-8D75-D50B3B17159D}.Debug|x86.ActiveCfg = Debug|Any CPU
		{558FDAA9-0D19-4376-8D75-D50B3B17159D}.Debug|x86.Build.0 = Debug|Any CPU
		{558FDAA9-0D19-4376-8D75-D50B3B17159D}.Release|Any CPU.ActiveCfg = Release|Any CPU
		{558FDAA9-0D19-4376-8D75-D50B3B17159D}.Release|Any CPU.Build.0 = Release|Any CPU
		{558FDAA9-0D19-4376-8D75-D50B3B17159D}.Release|x64.ActiveCfg = Release|Any CPU
		{558FDAA9-0D19-4376-8D75-D50B3B17159D}.Release|x64.Build.0 = Release|Any CPU
		{558FDAA9-0D19-4376-8D75-D50B3B17159D}.Release|x86.ActiveCfg = Release|Any CPU
		{558FDAA9-0D19-4376-8D75-D50B3B17159D}.Release|x86.Build.0 = Release|Any CPU
		{59544E99-7C50-49F0-95A1-389B8D20017D}.Debug|Any CPU.ActiveCfg = Debug|Any CPU
		{59544E99-7C50-49F0-95A1-389B8D20017D}.Debug|Any CPU.Build.0 = Debug|Any CPU
		{59544E99-7C50-49F0-95A1-389B8D20017D}.Debug|x64.ActiveCfg = Debug|Any CPU
		{59544E99-7C50-49F0-95A1-389B8D20017D}.Debug|x64.Build.0 = Debug|Any CPU
		{59544E99-7C50-49F0-95A1-389B8D20017D}.Debug|x86.ActiveCfg = Debug|Any CPU
		{59544E99-7C50-49F0-95A1-389B8D20017D}.Debug|x86.Build.0 = Debug|Any CPU
		{59544E99-7C50-49F0-95A1-389B8D20017D}.Release|Any CPU.ActiveCfg = Release|Any CPU
		{59544E99-7C50-49F0-95A1-389B8D20017D}.Release|Any CPU.Build.0 = Release|Any CPU
		{59544E99-7C50-49F0-95A1-389B8D20017D}.Release|x64.ActiveCfg = Release|Any CPU
		{59544E99-7C50-49F0-95A1-389B8D20017D}.Release|x64.Build.0 = Release|Any CPU
		{59544E99-7C50-49F0-95A1-389B8D20017D}.Release|x86.ActiveCfg = Release|Any CPU
		{59544E99-7C50-49F0-95A1-389B8D20017D}.Release|x86.Build.0 = Release|Any CPU
		{B8ECDFE9-53B9-4F0F-8603-DB9D845FEA3C}.Debug|Any CPU.ActiveCfg = Debug|Any CPU
		{B8ECDFE9-53B9-4F0F-8603-DB9D845FEA3C}.Debug|Any CPU.Build.0 = Debug|Any CPU
		{B8ECDFE9-53B9-4F0F-8603-DB9D845FEA3C}.Debug|x64.ActiveCfg = Debug|Any CPU
		{B8ECDFE9-53B9-4F0F-8603-DB9D845FEA3C}.Debug|x64.Build.0 = Debug|Any CPU
		{B8ECDFE9-53B9-4F0F-8603-DB9D845FEA3C}.Debug|x86.ActiveCfg = Debug|Any CPU
		{B8ECDFE9-53B9-4F0F-8603-DB9D845FEA3C}.Debug|x86.Build.0 = Debug|Any CPU
		{B8ECDFE9-53B9-4F0F-8603-DB9D845FEA3C}.Release|Any CPU.ActiveCfg = Release|Any CPU
		{B8ECDFE9-53B9-4F0F-8603-DB9D845FEA3C}.Release|Any CPU.Build.0 = Release|Any CPU
		{B8ECDFE9-53B9-4F0F-8603-DB9D845FEA3C}.Release|x64.ActiveCfg = Release|Any CPU
		{B8ECDFE9-53B9-4F0F-8603-DB9D845FEA3C}.Release|x64.Build.0 = Release|Any CPU
		{B8ECDFE9-53B9-4F0F-8603-DB9D845FEA3C}.Release|x86.ActiveCfg = Release|Any CPU
		{B8ECDFE9-53B9-4F0F-8603-DB9D845FEA3C}.Release|x86.Build.0 = Release|Any CPU
	EndGlobalSection
EndGlobal
